
Microsoft Visual Studio Solution File, Format Version 12.00
# Visual Studio Version 17
VisualStudioVersion = 17.8.34330.188
MinimumVisualStudioVersion = 10.0.40219.1
Project("{FAE04EC0-301F-11D3-BF4B-00C04F79EFBC}") = "pattern3", "pattern3.csproj", "{3336C716-039F-4202-9B92-FD3C829C17A7}"
EndProject
Global
	GlobalSection(SolutionConfigurationPlatforms) = preSolution
		Debug|Any CPU = Debug|Any CPU
		Release|Any CPU = Release|Any CPU
	EndGlobalSection
	GlobalSection(ProjectConfigurationPlatforms) = postSolution
		{3336C716-039F-4202-9B92-FD3C829C17A7}.Debug|Any CPU.ActiveCfg = Debug|Any CPU
		{3336C716-039F-4202-9B92-FD3C829C17A7}.Debug|Any CPU.Build.0 = Debug|Any CPU
		{3336C716-039F-4202-9B92-FD3C829C17A7}.Release|Any CPU.ActiveCfg = Release|Any CPU
		{3336C716-039F-4202-9B92-FD3C829C17A7}.Release|Any CPU.Build.0 = Release|Any CPU
	EndGlobalSection
	GlobalSection(SolutionProperties) = preSolution
		HideSolutionNode = FALSE
	EndGlobalSection
	GlobalSection(ExtensibilityGlobals) = postSolution
		SolutionGuid = {33C5C117-F933-4345-A490-3892CA85E6F8}
	EndGlobalSection
EndGlobal
